
Microsoft Visual Studio Solution File, Format Version 12.00
# Visual Studio 15
VisualStudioVersion = 15.0.28010.2026
MinimumVisualStudioVersion = 10.0.40219.1
Project("{9A19103F-16F7-4668-BE54-9A1E7A4F7556}") = "01. Shopping Time", "01. Shopping Time\01. Shopping Time.csproj", "{3ABB37D2-1F08-4DB4-9FC6-98F6AFB5DA57}"
EndProject
Project("{9A19103F-16F7-4668-BE54-9A1E7A4F7556}") = "02. Going Home", "02. Going Home\02. Going Home.csproj", "{E063EF5D-C5EA-4996-9DC9-4BA896A1C16F}"
EndProject
Project("{9A19103F-16F7-4668-BE54-9A1E7A4F7556}") = "03. Computer Room", "03. Computer Room\03. Computer Room.csproj", "{487F912E-0E08-4580-AEC7-332DFEBD2E30}"
EndProject
Project("{FAE04EC0-301F-11D3-BF4B-00C04F79EFBC}") = "04. Own Bussiness", "04. Own Bussiness\04. Own Bussiness.csproj", "{DEACCBB7-FB25-46E2-8C9D-65C31A50FFC4}"
EndProject
Project("{FAE04EC0-301F-11D3-BF4B-00C04F79EFBC}") = "05. Computer Firm", "05. Computer Firm\05. Computer Firm.csproj", "{A83A8410-00BD-432A-AE58-0CC2CEF224B9}"
EndProject
Project("{FAE04EC0-301F-11D3-BF4B-00C04F79EFBC}") = "06. Unique PIN Codes", "06. Unique PIN Codes\06. Unique PIN Codes.csproj", "{69F7418D-0319-40F1-BD51-1BC2B0D6A40C}"
EndProject
Global
	GlobalSection(SolutionConfigurationPlatforms) = preSolution
		Debug|Any CPU = Debug|Any CPU
		Release|Any CPU = Release|Any CPU
	EndGlobalSection
	GlobalSection(ProjectConfigurationPlatforms) = postSolution
		{3ABB37D2-1F08-4DB4-9FC6-98F6AFB5DA57}.Debug|Any CPU.ActiveCfg = Debug|Any CPU
		{3ABB37D2-1F08-4DB4-9FC6-98F6AFB5DA57}.Debug|Any CPU.Build.0 = Debug|Any CPU
		{3ABB37D2-1F08-4DB4-9FC6-98F6AFB5DA57}.Release|Any CPU.ActiveCfg = Release|Any CPU
		{3ABB37D2-1F08-4DB4-9FC6-98F6AFB5DA57}.Release|Any CPU.Build.0 = Release|Any CPU
		{E063EF5D-C5EA-4996-9DC9-4BA896A1C16F}.Debug|Any CPU.ActiveCfg = Debug|Any CPU
		{E063EF5D-C5EA-4996-9DC9-4BA896A1C16F}.Debug|Any CPU.Build.0 = Debug|Any CPU
		{E063EF5D-C5EA-4996-9DC9-4BA896A1C16F}.Release|Any CPU.ActiveCfg = Release|Any CPU
		{E063EF5D-C5EA-4996-9DC9-4BA896A1C16F}.Release|Any CPU.Build.0 = Release|Any CPU
		{487F912E-0E08-4580-AEC7-332DFEBD2E30}.Debug|Any CPU.ActiveCfg = Debug|Any CPU
		{487F912E-0E08-4580-AEC7-332DFEBD2E30}.Debug|Any CPU.Build.0 = Debug|Any CPU
		{487F912E-0E08-4580-AEC7-332DFEBD2E30}.Release|Any CPU.ActiveCfg = Release|Any CPU
		{487F912E-0E08-4580-AEC7-332DFEBD2E30}.Release|Any CPU.Build.0 = Release|Any CPU
		{DEACCBB7-FB25-46E2-8C9D-65C31A50FFC4}.Debug|Any CPU.ActiveCfg = Debug|Any CPU
		{DEACCBB7-FB25-46E2-8C9D-65C31A50FFC4}.Debug|Any CPU.Build.0 = Debug|Any CPU
		{DEACCBB7-FB25-46E2-8C9D-65C31A50FFC4}.Release|Any CPU.ActiveCfg = Release|Any CPU
		{DEACCBB7-FB25-46E2-8C9D-65C31A50FFC4}.Release|Any CPU.Build.0 = Release|Any CPU
		{A83A8410-00BD-432A-AE58-0CC2CEF224B9}.Debug|Any CPU.ActiveCfg = Debug|Any CPU
		{A83A8410-00BD-432A-AE58-0CC2CEF224B9}.Debug|Any CPU.Build.0 = Debug|Any CPU
		{A83A8410-00BD-432A-AE58-0CC2CEF224B9}.Release|Any CPU.ActiveCfg = Release|Any CPU
		{A83A8410-00BD-432A-AE58-0CC2CEF224B9}.Release|Any CPU.Build.0 = Release|Any CPU
		{69F7418D-0319-40F1-BD51-1BC2B0D6A40C}.Debug|Any CPU.ActiveCfg = Debug|Any CPU
		{69F7418D-0319-40F1-BD51-1BC2B0D6A40C}.Debug|Any CPU.Build.0 = Debug|Any CPU
		{69F7418D-0319-40F1-BD51-1BC2B0D6A40C}.Release|Any CPU.ActiveCfg = Release|Any CPU
		{69F7418D-0319-40F1-BD51-1BC2B0D6A40C}.Release|Any CPU.Build.0 = Release|Any CPU
	EndGlobalSection
	GlobalSection(SolutionProperties) = preSolution
		HideSolutionNode = FALSE
	EndGlobalSection
	GlobalSection(ExtensibilityGlobals) = postSolution
		SolutionGuid = {58418489-D45C-43F4-ACA4-69F580EF435F}
	EndGlobalSection
EndGlobal
