
Microsoft Visual Studio Solution File, Format Version 12.00
# Visual Studio 15
VisualStudioVersion = 15.0.27428.2015
MinimumVisualStudioVersion = 10.0.40219.1
Project("{9A19103F-16F7-4668-BE54-9A1E7A4F7556}") = "01. Padawan Equipment", "01. Padawan Equipment\01. Padawan Equipment.csproj", "{8DA742CA-4A44-4DE7-8D43-EEE1AB5DBE26}"
EndProject
Project("{9A19103F-16F7-4668-BE54-9A1E7A4F7556}") = "02. Kamino Factory", "02. Kamino Factory\02. Kamino Factory.csproj", "{BEA7DBC3-C9C4-4F10-BC70-31F78434AFC0}"
EndProject
Project("{FAE04EC0-301F-11D3-BF4B-00C04F79EFBC}") = "03. Star Enigma", "03. Star Enigma\03. Star Enigma.csproj", "{B928077D-7DEB-47BC-B404-B233E674F1BA}"
EndProject
Global
	GlobalSection(SolutionConfigurationPlatforms) = preSolution
		Debug|Any CPU = Debug|Any CPU
		Release|Any CPU = Release|Any CPU
	EndGlobalSection
	GlobalSection(ProjectConfigurationPlatforms) = postSolution
		{8DA742CA-4A44-4DE7-8D43-EEE1AB5DBE26}.Debug|Any CPU.ActiveCfg = Debug|Any CPU
		{8DA742CA-4A44-4DE7-8D43-EEE1AB5DBE26}.Debug|Any CPU.Build.0 = Debug|Any CPU
		{8DA742CA-4A44-4DE7-8D43-EEE1AB5DBE26}.Release|Any CPU.ActiveCfg = Release|Any CPU
		{8DA742CA-4A44-4DE7-8D43-EEE1AB5DBE26}.Release|Any CPU.Build.0 = Release|Any CPU
		{BEA7DBC3-C9C4-4F10-BC70-31F78434AFC0}.Debug|Any CPU.ActiveCfg = Debug|Any CPU
		{BEA7DBC3-C9C4-4F10-BC70-31F78434AFC0}.Debug|Any CPU.Build.0 = Debug|Any CPU
		{BEA7DBC3-C9C4-4F10-BC70-31F78434AFC0}.Release|Any CPU.ActiveCfg = Release|Any CPU
		{BEA7DBC3-C9C4-4F10-BC70-31F78434AFC0}.Release|Any CPU.Build.0 = Release|Any CPU
		{B928077D-7DEB-47BC-B404-B233E674F1BA}.Debug|Any CPU.ActiveCfg = Debug|Any CPU
		{B928077D-7DEB-47BC-B404-B233E674F1BA}.Debug|Any CPU.Build.0 = Debug|Any CPU
		{B928077D-7DEB-47BC-B404-B233E674F1BA}.Release|Any CPU.ActiveCfg = Release|Any CPU
		{B928077D-7DEB-47BC-B404-B233E674F1BA}.Release|Any CPU.Build.0 = Release|Any CPU
	EndGlobalSection
	GlobalSection(SolutionProperties) = preSolution
		HideSolutionNode = FALSE
	EndGlobalSection
	GlobalSection(ExtensibilityGlobals) = postSolution
		SolutionGuid = {AAAE86FE-F8CC-40F2-BCE7-9CD2C27149E1}
	EndGlobalSection
EndGlobal
