
Microsoft Visual Studio Solution File, Format Version 12.00
# Visual Studio 15
VisualStudioVersion = 15.0.26730.16
MinimumVisualStudioVersion = 10.0.40219.1
Project("{FAE04EC0-301F-11D3-BF4B-00C04F79EFBC}") = "01. Numbers from 1 to 100", "01. Numbers from 1 to 100\01. Numbers from 1 to 100.csproj", "{51494632-EF4A-42EA-A255-66019D7AB37B}"
EndProject
Project("{FAE04EC0-301F-11D3-BF4B-00C04F79EFBC}") = "02. Numbers Ending in 7", "02. Numbers Ending in 7\02. Numbers Ending in 7.csproj", "{51B12F2D-0220-48A1-80E8-C1D09988C6EC}"
EndProject
Project("{FAE04EC0-301F-11D3-BF4B-00C04F79EFBC}") = "03. Latin Letters", "03. Latin Letters\03. Latin Letters.csproj", "{B948D956-F937-44CF-85F6-2DB8B12D363F}"
EndProject
Project("{FAE04EC0-301F-11D3-BF4B-00C04F79EFBC}") = "04. Sum Numbers", "04. Sum Numbers\04. Sum Numbers.csproj", "{535D27BB-E1DA-48CB-ACCF-6A3E2244E521}"
EndProject
Project("{FAE04EC0-301F-11D3-BF4B-00C04F79EFBC}") = "05. Max Number", "05. Max Number\05. Max Number.csproj", "{9A6886A5-7A44-4412-A7AC-5D17BC1643AD}"
EndProject
Project("{9A19103F-16F7-4668-BE54-9A1E7A4F7556}") = "06. Min Number", "06. Min Number\06. Min Number.csproj", "{4D0B724A-5F22-4812-AB24-74A7CCDF642E}"
EndProject
Project("{9A19103F-16F7-4668-BE54-9A1E7A4F7556}") = "07. Left and Right Sum", "07. Left and Right Sum\07. Left and Right Sum.csproj", "{495D5A1A-83D9-4DB7-8B05-74F8F8E8A1E6}"
EndProject
Project("{9A19103F-16F7-4668-BE54-9A1E7A4F7556}") = "08. Odd Even sum", "08. Odd Even sum\08. Odd Even sum.csproj", "{75944CCD-5C96-4701-9AB9-09B451DCF237}"
EndProject
Project("{9A19103F-16F7-4668-BE54-9A1E7A4F7556}") = "09. Vowels Sum", "09. Vowels Sum\09. Vowels Sum.csproj", "{4467E102-AE41-42D4-A991-D3ED86791163}"
EndProject
Project("{9A19103F-16F7-4668-BE54-9A1E7A4F7556}") = "10. Half Sum Element", "10. Half Sum Element\10. Half Sum Element.csproj", "{4C7E0DF4-5D9F-4E4A-B19F-0C55329B3CB7}"
EndProject
Project("{9A19103F-16F7-4668-BE54-9A1E7A4F7556}") = "11. Odd or Even Position", "11. Odd or Even Position\11. Odd or Even Position.csproj", "{D35F265F-D8EE-41DF-856B-6BB23017DBEF}"
EndProject
Project("{FAE04EC0-301F-11D3-BF4B-00C04F79EFBC}") = "12. Equal Pairs", "12. Equal Pairs\12. Equal Pairs.csproj", "{C9DE797E-FCC1-469B-A992-A6D4DBE22F7E}"
EndProject
Global
	GlobalSection(SolutionConfigurationPlatforms) = preSolution
		Debug|Any CPU = Debug|Any CPU
		Release|Any CPU = Release|Any CPU
	EndGlobalSection
	GlobalSection(ProjectConfigurationPlatforms) = postSolution
		{51494632-EF4A-42EA-A255-66019D7AB37B}.Debug|Any CPU.ActiveCfg = Debug|Any CPU
		{51494632-EF4A-42EA-A255-66019D7AB37B}.Debug|Any CPU.Build.0 = Debug|Any CPU
		{51494632-EF4A-42EA-A255-66019D7AB37B}.Release|Any CPU.ActiveCfg = Release|Any CPU
		{51494632-EF4A-42EA-A255-66019D7AB37B}.Release|Any CPU.Build.0 = Release|Any CPU
		{51B12F2D-0220-48A1-80E8-C1D09988C6EC}.Debug|Any CPU.ActiveCfg = Debug|Any CPU
		{51B12F2D-0220-48A1-80E8-C1D09988C6EC}.Debug|Any CPU.Build.0 = Debug|Any CPU
		{51B12F2D-0220-48A1-80E8-C1D09988C6EC}.Release|Any CPU.ActiveCfg = Release|Any CPU
		{51B12F2D-0220-48A1-80E8-C1D09988C6EC}.Release|Any CPU.Build.0 = Release|Any CPU
		{B948D956-F937-44CF-85F6-2DB8B12D363F}.Debug|Any CPU.ActiveCfg = Debug|Any CPU
		{B948D956-F937-44CF-85F6-2DB8B12D363F}.Debug|Any CPU.Build.0 = Debug|Any CPU
		{B948D956-F937-44CF-85F6-2DB8B12D363F}.Release|Any CPU.ActiveCfg = Release|Any CPU
		{B948D956-F937-44CF-85F6-2DB8B12D363F}.Release|Any CPU.Build.0 = Release|Any CPU
		{535D27BB-E1DA-48CB-ACCF-6A3E2244E521}.Debug|Any CPU.ActiveCfg = Debug|Any CPU
		{535D27BB-E1DA-48CB-ACCF-6A3E2244E521}.Debug|Any CPU.Build.0 = Debug|Any CPU
		{535D27BB-E1DA-48CB-ACCF-6A3E2244E521}.Release|Any CPU.ActiveCfg = Release|Any CPU
		{535D27BB-E1DA-48CB-ACCF-6A3E2244E521}.Release|Any CPU.Build.0 = Release|Any CPU
		{9A6886A5-7A44-4412-A7AC-5D17BC1643AD}.Debug|Any CPU.ActiveCfg = Debug|Any CPU
		{9A6886A5-7A44-4412-A7AC-5D17BC1643AD}.Debug|Any CPU.Build.0 = Debug|Any CPU
		{9A6886A5-7A44-4412-A7AC-5D17BC1643AD}.Release|Any CPU.ActiveCfg = Release|Any CPU
		{9A6886A5-7A44-4412-A7AC-5D17BC1643AD}.Release|Any CPU.Build.0 = Release|Any CPU
		{4D0B724A-5F22-4812-AB24-74A7CCDF642E}.Debug|Any CPU.ActiveCfg = Debug|Any CPU
		{4D0B724A-5F22-4812-AB24-74A7CCDF642E}.Debug|Any CPU.Build.0 = Debug|Any CPU
		{4D0B724A-5F22-4812-AB24-74A7CCDF642E}.Release|Any CPU.ActiveCfg = Release|Any CPU
		{4D0B724A-5F22-4812-AB24-74A7CCDF642E}.Release|Any CPU.Build.0 = Release|Any CPU
		{495D5A1A-83D9-4DB7-8B05-74F8F8E8A1E6}.Debug|Any CPU.ActiveCfg = Debug|Any CPU
		{495D5A1A-83D9-4DB7-8B05-74F8F8E8A1E6}.Debug|Any CPU.Build.0 = Debug|Any CPU
		{495D5A1A-83D9-4DB7-8B05-74F8F8E8A1E6}.Release|Any CPU.ActiveCfg = Release|Any CPU
		{495D5A1A-83D9-4DB7-8B05-74F8F8E8A1E6}.Release|Any CPU.Build.0 = Release|Any CPU
		{75944CCD-5C96-4701-9AB9-09B451DCF237}.Debug|Any CPU.ActiveCfg = Debug|Any CPU
		{75944CCD-5C96-4701-9AB9-09B451DCF237}.Debug|Any CPU.Build.0 = Debug|Any CPU
		{75944CCD-5C96-4701-9AB9-09B451DCF237}.Release|Any CPU.ActiveCfg = Release|Any CPU
		{75944CCD-5C96-4701-9AB9-09B451DCF237}.Release|Any CPU.Build.0 = Release|Any CPU
		{4467E102-AE41-42D4-A991-D3ED86791163}.Debug|Any CPU.ActiveCfg = Debug|Any CPU
		{4467E102-AE41-42D4-A991-D3ED86791163}.Debug|Any CPU.Build.0 = Debug|Any CPU
		{4467E102-AE41-42D4-A991-D3ED86791163}.Release|Any CPU.ActiveCfg = Release|Any CPU
		{4467E102-AE41-42D4-A991-D3ED86791163}.Release|Any CPU.Build.0 = Release|Any CPU
		{4C7E0DF4-5D9F-4E4A-B19F-0C55329B3CB7}.Debug|Any CPU.ActiveCfg = Debug|Any CPU
		{4C7E0DF4-5D9F-4E4A-B19F-0C55329B3CB7}.Debug|Any CPU.Build.0 = Debug|Any CPU
		{4C7E0DF4-5D9F-4E4A-B19F-0C55329B3CB7}.Release|Any CPU.ActiveCfg = Release|Any CPU
		{4C7E0DF4-5D9F-4E4A-B19F-0C55329B3CB7}.Release|Any CPU.Build.0 = Release|Any CPU
		{D35F265F-D8EE-41DF-856B-6BB23017DBEF}.Debug|Any CPU.ActiveCfg = Debug|Any CPU
		{D35F265F-D8EE-41DF-856B-6BB23017DBEF}.Debug|Any CPU.Build.0 = Debug|Any CPU
		{D35F265F-D8EE-41DF-856B-6BB23017DBEF}.Release|Any CPU.ActiveCfg = Release|Any CPU
		{D35F265F-D8EE-41DF-856B-6BB23017DBEF}.Release|Any CPU.Build.0 = Release|Any CPU
		{C9DE797E-FCC1-469B-A992-A6D4DBE22F7E}.Debug|Any CPU.ActiveCfg = Debug|Any CPU
		{C9DE797E-FCC1-469B-A992-A6D4DBE22F7E}.Debug|Any CPU.Build.0 = Debug|Any CPU
		{C9DE797E-FCC1-469B-A992-A6D4DBE22F7E}.Release|Any CPU.ActiveCfg = Release|Any CPU
		{C9DE797E-FCC1-469B-A992-A6D4DBE22F7E}.Release|Any CPU.Build.0 = Release|Any CPU
	EndGlobalSection
	GlobalSection(SolutionProperties) = preSolution
		HideSolutionNode = FALSE
	EndGlobalSection
	GlobalSection(ExtensibilityGlobals) = postSolution
		SolutionGuid = {166490C8-CA21-4CE3-BAA0-34EB825934C4}
	EndGlobalSection
EndGlobal
