
Microsoft Visual Studio Solution File, Format Version 12.00
# Visual Studio 15
VisualStudioVersion = 15.0.26730.16
MinimumVisualStudioVersion = 10.0.40219.1
Project("{FAE04EC0-301F-11D3-BF4B-00C04F79EFBC}") = "01. Debit Card Number", "01. Debit Card Number\01. Debit Card Number.csproj", "{759E2630-1234-4072-8BE3-360007F6BC4A}"
EndProject
Project("{FAE04EC0-301F-11D3-BF4B-00C04F79EFBC}") = "02. Rectangle Area", "02. Rectangle Area\02. Rectangle Area.csproj", "{9BD0227E-5167-40BC-B3C7-ED5DE6E4541F}"
EndProject
Project("{FAE04EC0-301F-11D3-BF4B-00C04F79EFBC}") = "03. Miles to Kilometers", "03. Miles to Kilometers\03. Miles to Kilometers.csproj", "{11EA4BA7-DD46-4295-A56C-889881FE5397}"
EndProject
Project("{FAE04EC0-301F-11D3-BF4B-00C04F79EFBC}") = "04. Beverage Labels", "04. Beverage Labels\04. Beverage Labels.csproj", "{3A3E4CB6-60F8-4D2F-A79F-D26484A0CE9D}"
EndProject
Project("{FAE04EC0-301F-11D3-BF4B-00C04F79EFBC}") = "05. Character Stats", "05. Character Stats\05. Character Stats.csproj", "{FA08D1E5-0685-482E-BB85-B67CC2DED42B}"
EndProject
Global
	GlobalSection(SolutionConfigurationPlatforms) = preSolution
		Debug|Any CPU = Debug|Any CPU
		Release|Any CPU = Release|Any CPU
	EndGlobalSection
	GlobalSection(ProjectConfigurationPlatforms) = postSolution
		{759E2630-1234-4072-8BE3-360007F6BC4A}.Debug|Any CPU.ActiveCfg = Debug|Any CPU
		{759E2630-1234-4072-8BE3-360007F6BC4A}.Debug|Any CPU.Build.0 = Debug|Any CPU
		{759E2630-1234-4072-8BE3-360007F6BC4A}.Release|Any CPU.ActiveCfg = Release|Any CPU
		{759E2630-1234-4072-8BE3-360007F6BC4A}.Release|Any CPU.Build.0 = Release|Any CPU
		{9BD0227E-5167-40BC-B3C7-ED5DE6E4541F}.Debug|Any CPU.ActiveCfg = Debug|Any CPU
		{9BD0227E-5167-40BC-B3C7-ED5DE6E4541F}.Debug|Any CPU.Build.0 = Debug|Any CPU
		{9BD0227E-5167-40BC-B3C7-ED5DE6E4541F}.Release|Any CPU.ActiveCfg = Release|Any CPU
		{9BD0227E-5167-40BC-B3C7-ED5DE6E4541F}.Release|Any CPU.Build.0 = Release|Any CPU
		{11EA4BA7-DD46-4295-A56C-889881FE5397}.Debug|Any CPU.ActiveCfg = Debug|Any CPU
		{11EA4BA7-DD46-4295-A56C-889881FE5397}.Debug|Any CPU.Build.0 = Debug|Any CPU
		{11EA4BA7-DD46-4295-A56C-889881FE5397}.Release|Any CPU.ActiveCfg = Release|Any CPU
		{11EA4BA7-DD46-4295-A56C-889881FE5397}.Release|Any CPU.Build.0 = Release|Any CPU
		{3A3E4CB6-60F8-4D2F-A79F-D26484A0CE9D}.Debug|Any CPU.ActiveCfg = Debug|Any CPU
		{3A3E4CB6-60F8-4D2F-A79F-D26484A0CE9D}.Debug|Any CPU.Build.0 = Debug|Any CPU
		{3A3E4CB6-60F8-4D2F-A79F-D26484A0CE9D}.Release|Any CPU.ActiveCfg = Release|Any CPU
		{3A3E4CB6-60F8-4D2F-A79F-D26484A0CE9D}.Release|Any CPU.Build.0 = Release|Any CPU
		{FA08D1E5-0685-482E-BB85-B67CC2DED42B}.Debug|Any CPU.ActiveCfg = Debug|Any CPU
		{FA08D1E5-0685-482E-BB85-B67CC2DED42B}.Debug|Any CPU.Build.0 = Debug|Any CPU
		{FA08D1E5-0685-482E-BB85-B67CC2DED42B}.Release|Any CPU.ActiveCfg = Release|Any CPU
		{FA08D1E5-0685-482E-BB85-B67CC2DED42B}.Release|Any CPU.Build.0 = Release|Any CPU
	EndGlobalSection
	GlobalSection(SolutionProperties) = preSolution
		HideSolutionNode = FALSE
	EndGlobalSection
	GlobalSection(ExtensibilityGlobals) = postSolution
		SolutionGuid = {420C9157-869D-4365-A952-A5F7690EE274}
	EndGlobalSection
EndGlobal
