
Microsoft Visual Studio Solution File, Format Version 12.00
# Visual Studio 15
VisualStudioVersion = 15.0.27130.2024
MinimumVisualStudioVersion = 10.0.40219.1
Project("{FAE04EC0-301F-11D3-BF4B-00C04F79EFBC}") = "01. Training Lab", "01. Training Lab\01. Training Lab.csproj", "{C38586FD-75BF-450D-9D05-DA2F22AC58CF}"
EndProject
Project("{FAE04EC0-301F-11D3-BF4B-00C04F79EFBC}") = "02. Transport Price", "02. Transport Price\02. Transport Price.csproj", "{AA1CC3CB-14F8-4DA8-AC63-9473A1C5BF1E}"
EndProject
Project("{FAE04EC0-301F-11D3-BF4B-00C04F79EFBC}") = "03. On Time for the Exam", "03. On Time for the Exam\03. On Time for the Exam.csproj", "{25407A7A-D43D-49B2-80C3-96AEADEA37AB}"
EndProject
Global
	GlobalSection(SolutionConfigurationPlatforms) = preSolution
		Debug|Any CPU = Debug|Any CPU
		Release|Any CPU = Release|Any CPU
	EndGlobalSection
	GlobalSection(ProjectConfigurationPlatforms) = postSolution
		{C38586FD-75BF-450D-9D05-DA2F22AC58CF}.Debug|Any CPU.ActiveCfg = Debug|Any CPU
		{C38586FD-75BF-450D-9D05-DA2F22AC58CF}.Debug|Any CPU.Build.0 = Debug|Any CPU
		{C38586FD-75BF-450D-9D05-DA2F22AC58CF}.Release|Any CPU.ActiveCfg = Release|Any CPU
		{C38586FD-75BF-450D-9D05-DA2F22AC58CF}.Release|Any CPU.Build.0 = Release|Any CPU
		{AA1CC3CB-14F8-4DA8-AC63-9473A1C5BF1E}.Debug|Any CPU.ActiveCfg = Debug|Any CPU
		{AA1CC3CB-14F8-4DA8-AC63-9473A1C5BF1E}.Debug|Any CPU.Build.0 = Debug|Any CPU
		{AA1CC3CB-14F8-4DA8-AC63-9473A1C5BF1E}.Release|Any CPU.ActiveCfg = Release|Any CPU
		{AA1CC3CB-14F8-4DA8-AC63-9473A1C5BF1E}.Release|Any CPU.Build.0 = Release|Any CPU
		{25407A7A-D43D-49B2-80C3-96AEADEA37AB}.Debug|Any CPU.ActiveCfg = Debug|Any CPU
		{25407A7A-D43D-49B2-80C3-96AEADEA37AB}.Debug|Any CPU.Build.0 = Debug|Any CPU
		{25407A7A-D43D-49B2-80C3-96AEADEA37AB}.Release|Any CPU.ActiveCfg = Release|Any CPU
		{25407A7A-D43D-49B2-80C3-96AEADEA37AB}.Release|Any CPU.Build.0 = Release|Any CPU
	EndGlobalSection
	GlobalSection(SolutionProperties) = preSolution
		HideSolutionNode = FALSE
	EndGlobalSection
	GlobalSection(ExtensibilityGlobals) = postSolution
		SolutionGuid = {CDA69E42-0FA8-441C-BBCC-9B95B9B993B2}
	EndGlobalSection
EndGlobal
