
Microsoft Visual Studio Solution File, Format Version 12.00
# Visual Studio 15
VisualStudioVersion = 15.0.27428.2037
MinimumVisualStudioVersion = 10.0.40219.1
Project("{FAE04EC0-301F-11D3-BF4B-00C04F79EFBC}") = "01. Anonymous Downsite", "01. Anonymous Downsite\01. Anonymous Downsite.csproj", "{C5E09974-A8C2-4512-88AA-3264ADC680EE}"
EndProject
Project("{FAE04EC0-301F-11D3-BF4B-00C04F79EFBC}") = "02. Anonymous Threat", "02. Anonymous Threat\02. Anonymous Threat.csproj", "{BC8F833D-4028-4A8A-8EB4-CBD12A36AD94}"
EndProject
Project("{FAE04EC0-301F-11D3-BF4B-00C04F79EFBC}") = "03. Anonymous Vox", "03. Anonymous Vox\03. Anonymous Vox.csproj", "{48557CF7-FB90-4198-A370-0BAC509FD9CE}"
EndProject
Global
	GlobalSection(SolutionConfigurationPlatforms) = preSolution
		Debug|Any CPU = Debug|Any CPU
		Release|Any CPU = Release|Any CPU
	EndGlobalSection
	GlobalSection(ProjectConfigurationPlatforms) = postSolution
		{C5E09974-A8C2-4512-88AA-3264ADC680EE}.Debug|Any CPU.ActiveCfg = Debug|Any CPU
		{C5E09974-A8C2-4512-88AA-3264ADC680EE}.Debug|Any CPU.Build.0 = Debug|Any CPU
		{C5E09974-A8C2-4512-88AA-3264ADC680EE}.Release|Any CPU.ActiveCfg = Release|Any CPU
		{C5E09974-A8C2-4512-88AA-3264ADC680EE}.Release|Any CPU.Build.0 = Release|Any CPU
		{BC8F833D-4028-4A8A-8EB4-CBD12A36AD94}.Debug|Any CPU.ActiveCfg = Debug|Any CPU
		{BC8F833D-4028-4A8A-8EB4-CBD12A36AD94}.Debug|Any CPU.Build.0 = Debug|Any CPU
		{BC8F833D-4028-4A8A-8EB4-CBD12A36AD94}.Release|Any CPU.ActiveCfg = Release|Any CPU
		{BC8F833D-4028-4A8A-8EB4-CBD12A36AD94}.Release|Any CPU.Build.0 = Release|Any CPU
		{48557CF7-FB90-4198-A370-0BAC509FD9CE}.Debug|Any CPU.ActiveCfg = Debug|Any CPU
		{48557CF7-FB90-4198-A370-0BAC509FD9CE}.Debug|Any CPU.Build.0 = Debug|Any CPU
		{48557CF7-FB90-4198-A370-0BAC509FD9CE}.Release|Any CPU.ActiveCfg = Release|Any CPU
		{48557CF7-FB90-4198-A370-0BAC509FD9CE}.Release|Any CPU.Build.0 = Release|Any CPU
	EndGlobalSection
	GlobalSection(SolutionProperties) = preSolution
		HideSolutionNode = FALSE
	EndGlobalSection
	GlobalSection(ExtensibilityGlobals) = postSolution
		SolutionGuid = {CB87D0AF-7F0E-4A17-B2FD-336ECD01B6AE}
	EndGlobalSection
EndGlobal
